
Microsoft Visual Studio Solution File, Format Version 12.00
# Visual Studio Version 17
VisualStudioVersion = 17.9.34622.214
MinimumVisualStudioVersion = 10.0.40219.1
Project("{9A19103F-16F7-4668-BE54-9A1E7A4F7556}") = "RestApiRoskilde", "RestApiRoskilde\RestApiRoskilde.csproj", "{F20CD835-1736-4D40-8652-299BBEB59766}"
EndProject
Project("{9A19103F-16F7-4668-BE54-9A1E7A4F7556}") = "RestApiRoskildeTests", "RestApiRoskildeTests\RestApiRoskildeTests.csproj", "{027304CE-AD6A-4D6A-97E2-F5EB662F56B4}"
EndProject
Project("{FAE04EC0-301F-11D3-BF4B-00C04F79EFBC}") = "UITesting", "UITesting\UITesting.csproj", "{F0AC9ACB-BF13-401F-9F1D-B0B0F25376B5}"
EndProject
Global
	GlobalSection(SolutionConfigurationPlatforms) = preSolution
		Debug|Any CPU = Debug|Any CPU
		Release|Any CPU = Release|Any CPU
	EndGlobalSection
	GlobalSection(ProjectConfigurationPlatforms) = postSolution
		{F20CD835-1736-4D40-8652-299BBEB59766}.Debug|Any CPU.ActiveCfg = Debug|Any CPU
		{F20CD835-1736-4D40-8652-299BBEB59766}.Debug|Any CPU.Build.0 = Debug|Any CPU
		{F20CD835-1736-4D40-8652-299BBEB59766}.Release|Any CPU.ActiveCfg = Release|Any CPU
		{F20CD835-1736-4D40-8652-299BBEB59766}.Release|Any CPU.Build.0 = Release|Any CPU
		{027304CE-AD6A-4D6A-97E2-F5EB662F56B4}.Debug|Any CPU.ActiveCfg = Debug|Any CPU
		{027304CE-AD6A-4D6A-97E2-F5EB662F56B4}.Debug|Any CPU.Build.0 = Debug|Any CPU
		{027304CE-AD6A-4D6A-97E2-F5EB662F56B4}.Release|Any CPU.ActiveCfg = Release|Any CPU
		{027304CE-AD6A-4D6A-97E2-F5EB662F56B4}.Release|Any CPU.Build.0 = Release|Any CPU
		{F0AC9ACB-BF13-401F-9F1D-B0B0F25376B5}.Debug|Any CPU.ActiveCfg = Debug|Any CPU
		{F0AC9ACB-BF13-401F-9F1D-B0B0F25376B5}.Debug|Any CPU.Build.0 = Debug|Any CPU
		{F0AC9ACB-BF13-401F-9F1D-B0B0F25376B5}.Release|Any CPU.ActiveCfg = Release|Any CPU
		{F0AC9ACB-BF13-401F-9F1D-B0B0F25376B5}.Release|Any CPU.Build.0 = Release|Any CPU
	EndGlobalSection
	GlobalSection(SolutionProperties) = preSolution
		HideSolutionNode = FALSE
	EndGlobalSection
	GlobalSection(ExtensibilityGlobals) = postSolution
		SolutionGuid = {748F39E9-8D39-47F2-A3C1-54DCF10F9AF9}
	EndGlobalSection
EndGlobal
